
Microsoft Visual Studio Solution File, Format Version 12.00
# Visual Studio 15
VisualStudioVersion = 15.0.28010.2026
MinimumVisualStudioVersion = 10.0.40219.1
Project("{FAE04EC0-301F-11D3-BF4B-00C04F79EFBC}") = "WebApi10", "WebApi10\WebApi10.csproj", "{82867542-7B9B-4225-829B-65CBC6D3D6FE}"
EndProject
Global
	GlobalSection(SolutionConfigurationPlatforms) = preSolution
		Debug|Any CPU = Debug|Any CPU
		Release|Any CPU = Release|Any CPU
	EndGlobalSection
	GlobalSection(ProjectConfigurationPlatforms) = postSolution
		{82867542-7B9B-4225-829B-65CBC6D3D6FE}.Debug|Any CPU.ActiveCfg = Debug|Any CPU
		{82867542-7B9B-4225-829B-65CBC6D3D6FE}.Debug|Any CPU.Build.0 = Debug|Any CPU
		{82867542-7B9B-4225-829B-65CBC6D3D6FE}.Release|Any CPU.ActiveCfg = Release|Any CPU
		{82867542-7B9B-4225-829B-65CBC6D3D6FE}.Release|Any CPU.Build.0 = Release|Any CPU
	EndGlobalSection
	GlobalSection(SolutionProperties) = preSolution
		HideSolutionNode = FALSE
	EndGlobalSection
	GlobalSection(ExtensibilityGlobals) = postSolution
		SolutionGuid = {09D44098-50D7-4821-ACA3-477D162A7EFD}
	EndGlobalSection
EndGlobal
